
Microsoft Visual Studio Solution File, Format Version 12.00
# Visual Studio Version 17
VisualStudioVersion = 17.12.35527.113
MinimumVisualStudioVersion = 10.0.40219.1
Project("{FAE04EC0-301F-11D3-BF4B-00C04F79EFBC}") = "Stardew_completion_guide_api", "Stardew_completion_guide_api\Stardew_completion_guide_api.csproj", "{A6B3DD00-05C5-43F3-A160-E444783C5123}"
EndProject
Project("{2150E333-8FDC-42A3-9474-1A3956D46DE8}") = "Solution Items", "Solution Items", "{FA8FD034-2D43-4FE7-9CA6-B1E2F6EA188F}"
	ProjectSection(SolutionItems) = preProject
		.editorconfig = .editorconfig
	EndProjectSection
EndProject
Global
	GlobalSection(SolutionConfigurationPlatforms) = preSolution
		Debug|Any CPU = Debug|Any CPU
		Release|Any CPU = Release|Any CPU
	EndGlobalSection
	GlobalSection(ProjectConfigurationPlatforms) = postSolution
		{A6B3DD00-05C5-43F3-A160-E444783C5123}.Debug|Any CPU.ActiveCfg = Debug|Any CPU
		{A6B3DD00-05C5-43F3-A160-E444783C5123}.Debug|Any CPU.Build.0 = Debug|Any CPU
		{A6B3DD00-05C5-43F3-A160-E444783C5123}.Release|Any CPU.ActiveCfg = Release|Any CPU
		{A6B3DD00-05C5-43F3-A160-E444783C5123}.Release|Any CPU.Build.0 = Release|Any CPU
	EndGlobalSection
	GlobalSection(SolutionProperties) = preSolution
		HideSolutionNode = FALSE
	EndGlobalSection
EndGlobal
